
Microsoft Visual Studio Solution File, Format Version 12.00
# Visual Studio 15
VisualStudioVersion = 15.0.27703.2035
MinimumVisualStudioVersion = 10.0.40219.1
Project("{FAE04EC0-301F-11D3-BF4B-00C04F79EFBC}") = "ICPartners.DAL", "DAL\ICPartners.DAL.csproj", "{321C44EF-7598-4930-94A2-6E9A46661E25}"
EndProject
Project("{FAE04EC0-301F-11D3-BF4B-00C04F79EFBC}") = "ICPartners.Domains", "ICPartners.Domains\ICPartners.Domains.csproj", "{9E902E56-C984-4EC6-B990-2F1724A629F7}"
EndProject
Project("{FAE04EC0-301F-11D3-BF4B-00C04F79EFBC}") = "ICPartners.ConsoleUI", "ICPartners.ConsoleUI\ICPartners.ConsoleUI.csproj", "{B5050536-70AE-4E02-BD7F-CE6F6A66DF6B}"
EndProject
Project("{FAE04EC0-301F-11D3-BF4B-00C04F79EFBC}") = "ICPartners.DevxUI", "ICPartners.DevxUI\ICPartners.DevxUI.csproj", "{B1692A68-B6E8-479B-8E68-54A54BBB9778}"
EndProject
Global
	GlobalSection(SolutionConfigurationPlatforms) = preSolution
		Debug|Any CPU = Debug|Any CPU
		Release|Any CPU = Release|Any CPU
	EndGlobalSection
	GlobalSection(ProjectConfigurationPlatforms) = postSolution
		{321C44EF-7598-4930-94A2-6E9A46661E25}.Debug|Any CPU.ActiveCfg = Debug|Any CPU
		{321C44EF-7598-4930-94A2-6E9A46661E25}.Debug|Any CPU.Build.0 = Debug|Any CPU
		{321C44EF-7598-4930-94A2-6E9A46661E25}.Release|Any CPU.ActiveCfg = Release|Any CPU
		{321C44EF-7598-4930-94A2-6E9A46661E25}.Release|Any CPU.Build.0 = Release|Any CPU
		{9E902E56-C984-4EC6-B990-2F1724A629F7}.Debug|Any CPU.ActiveCfg = Debug|Any CPU
		{9E902E56-C984-4EC6-B990-2F1724A629F7}.Debug|Any CPU.Build.0 = Debug|Any CPU
		{9E902E56-C984-4EC6-B990-2F1724A629F7}.Release|Any CPU.ActiveCfg = Release|Any CPU
		{9E902E56-C984-4EC6-B990-2F1724A629F7}.Release|Any CPU.Build.0 = Release|Any CPU
		{B5050536-70AE-4E02-BD7F-CE6F6A66DF6B}.Debug|Any CPU.ActiveCfg = Debug|Any CPU
		{B5050536-70AE-4E02-BD7F-CE6F6A66DF6B}.Debug|Any CPU.Build.0 = Debug|Any CPU
		{B5050536-70AE-4E02-BD7F-CE6F6A66DF6B}.Release|Any CPU.ActiveCfg = Release|Any CPU
		{B5050536-70AE-4E02-BD7F-CE6F6A66DF6B}.Release|Any CPU.Build.0 = Release|Any CPU
		{B1692A68-B6E8-479B-8E68-54A54BBB9778}.Debug|Any CPU.ActiveCfg = Debug|Any CPU
		{B1692A68-B6E8-479B-8E68-54A54BBB9778}.Debug|Any CPU.Build.0 = Debug|Any CPU
		{B1692A68-B6E8-479B-8E68-54A54BBB9778}.Release|Any CPU.ActiveCfg = Release|Any CPU
		{B1692A68-B6E8-479B-8E68-54A54BBB9778}.Release|Any CPU.Build.0 = Release|Any CPU
	EndGlobalSection
	GlobalSection(SolutionProperties) = preSolution
		HideSolutionNode = FALSE
	EndGlobalSection
	GlobalSection(ExtensibilityGlobals) = postSolution
		SolutionGuid = {C57AC69E-9A61-4F12-B117-4CAE9A353DAB}
	EndGlobalSection
EndGlobal
